
Microsoft Visual Studio Solution File, Format Version 12.00
# Visual Studio Version 16
VisualStudioVersion = 16.0.31702.278
MinimumVisualStudioVersion = 10.0.40219.1
Project("{8BC9CEB8-8B4A-11D0-8D11-00A0C91BC942}") = "Judy_renderer", "Judy_renderer\Judy_renderer.vcxproj", "{BE3F2DF6-04AB-429F-9222-EFA8C87F41B8}"
EndProject
Global
	GlobalSection(SolutionConfigurationPlatforms) = preSolution
		Debug|x64 = Debug|x64
		Release|x64 = Release|x64
	EndGlobalSection
	GlobalSection(ProjectConfigurationPlatforms) = postSolution
		{BE3F2DF6-04AB-429F-9222-EFA8C87F41B8}.Debug|x64.ActiveCfg = Debug|x64
		{BE3F2DF6-04AB-429F-9222-EFA8C87F41B8}.Debug|x64.Build.0 = Debug|x64
		{BE3F2DF6-04AB-429F-9222-EFA8C87F41B8}.Release|x64.ActiveCfg = Release|x64
		{BE3F2DF6-04AB-429F-9222-EFA8C87F41B8}.Release|x64.Build.0 = Release|x64
	EndGlobalSection
	GlobalSection(SolutionProperties) = preSolution
		HideSolutionNode = FALSE
	EndGlobalSection
	GlobalSection(ExtensibilityGlobals) = postSolution
		SolutionGuid = {86FFBC85-DD04-4AFE-8589-3BF05F8EC01E}
	EndGlobalSection
EndGlobal
